<Solution>
  <Project Path="Org.Grush.HomeBase.WeatherStationCli/Org.Grush.HomeBase.WeatherStationCli.csproj" />
  <Project Path="Org.Grush.HomeBase.WeatherStationLib/Org.Grush.HomeBase.WeatherStationLib.csproj" />
  <Project Path="Org.Grush.Port.DFRobot.CH432T/Org.Grush.Port.DFRobot.CH432T.csproj" />
</Solution>
