<Solution>
  <Project Path="Org.Grush.HomeBase.APRSWXNET/Org.Grush.HomeBase.APRSWXNET.csproj" />
  <Project Path="Org.Grush.HomeBase.WeatherStationCli/Org.Grush.HomeBase.WeatherStationCli.csproj" />
  <Project Path="Org.Grush.HomeBase.WeatherStationLib.SEN0658\Org.Grush.HomeBase.WeatherStationLib.SEN0658.csproj" />
  <Project Path="Org.Grush.Port.DFRobot.CH432T/Org.Grush.Port.DFRobot.CH432T.csproj" />
</Solution>
